// !$*UTF8*$!
{
	archiveVersion = 1;
	classes = {
	};
	objectVersion = 46;
	objects = {

/* Begin PBXBuildFile section */
		EB227DF71D89785A00FC8D66 /* AppDelegate.swift in Sources */ = {isa = PBXBuildFile; fileRef = EB227DF61D89785A00FC8D66 /* AppDelegate.swift */; };
		EB227DF91D89785A00FC8D66 /* ViewController.swift in Sources */ = {isa = PBXBuildFile; fileRef = EB227DF81D89785A00FC8D66 /* ViewController.swift */; };
		EB227DFC1D89785A00FC8D66 /* Main.storyboard in Resources */ = {isa = PBXBuildFile; fileRef = EB227DFA1D89785A00FC8D66 /* Main.storyboard */; };
		EB227DFE1D89785A00FC8D66 /* Assets.xcassets in Resources */ = {isa = PBXBuildFile; fileRef = EB227DFD1D89785A00FC8D66 /* Assets.xcassets */; };
		EB227E011D89785A00FC8D66 /* LaunchScreen.storyboard in Resources */ = {isa = PBXBuildFile; fileRef = EB227DFF1D89785A00FC8D66 /* LaunchScreen.storyboard */; };
		EB227E091D897C8300FC8D66 /* MapKit.framework in Frameworks */ = {isa = PBXBuildFile; fileRef = EB227E081D897C8300FC8D66 /* MapKit.framework */; };
		EBFA951F1D8A8C0000255261 /* FriendAnnotation.swift in Sources */ = {isa = PBXBuildFile; fileRef = EBFA951E1D8A8C0000255261 /* FriendAnnotation.swift */; };
/* End PBXBuildFile section */

/* Begin PBXFileReference section */
		EB227DF31D89785A00FC8D66 /* MapAssignment.app */ = {isa = PBXFileReference; explicitFileType = wrapper.application; includeInIndex = 0; path = MapAssignment.app; sourceTree = BUILT_PRODUCTS_DIR; };
		EB227DF61D89785A00FC8D66 /* AppDelegate.swift */ = {isa = PBXFileReference; lastKnownFileType = sourcecode.swift; path = AppDelegate.swift; sourceTree = "<group>"; };
		EB227DF81D89785A00FC8D66 /* ViewController.swift */ = {isa = PBXFileReference; lastKnownFileType = sourcecode.swift; path = ViewController.swift; sourceTree = "<group>"; };
		EB227DFB1D89785A00FC8D66 /* Base */ = {isa = PBXFileReference; lastKnownFileType = file.storyboard; name = Base; path = Base.lproj/Main.storyboard; sourceTree = "<group>"; };
		EB227DFD1D89785A00FC8D66 /* Assets.xcassets */ = {isa = PBXFileReference; lastKnownFileType = folder.assetcatalog; path = Assets.xcassets; sourceTree = "<group>"; };
		EB227E001D89785A00FC8D66 /* Base */ = {isa = PBXFileReference; lastKnownFileType = file.storyboard; name = Base; path = Base.lproj/LaunchScreen.storyboard; sourceTree = "<group>"; };
		EB227E021D89785A00FC8D66 /* Info.plist */ = {isa = PBXFileReference; lastKnownFileType = text.plist.xml; path = Info.plist; sourceTree = "<group>"; };
		EB227E081D897C8300FC8D66 /* MapKit.framework */ = {isa = PBXFileReference; lastKnownFileType = wrapper.framework; name = MapKit.framework; path = System/Library/Frameworks/MapKit.framework; sourceTree = SDKROOT; };
		EBFA951E1D8A8C0000255261 /* FriendAnnotation.swift */ = {isa = PBXFileReference; fileEncoding = 4; lastKnownFileType = sourcecode.swift; path = FriendAnnotation.swift; sourceTree = "<group>"; };
/* End PBXFileReference section */

/* Begin PBXFrameworksBuildPhase section */
		EB227DF01D89785A00FC8D66 /* Frameworks */ = {
			isa = PBXFrameworksBuildPhase;
			buildActionMask = 2147483647;
			files = (
				EB227E091D897C8300FC8D66 /* MapKit.framework in Frameworks */,
			);
			runOnlyForDeploymentPostprocessing = 0;
		};
/* End PBXFrameworksBuildPhase section */

/* Begin PBXGroup section */
		EB227DEA1D89785A00FC8D66 = {
			isa = PBXGroup;
			children = (
				EB227E081D897C8300FC8D66 /* MapKit.framework */,
				EB227DF51D89785A00FC8D66 /* MapAssignment */,
				EB227DF41D89785A00FC8D66 /* Products */,
			);
			sourceTree = "<group>";
		};
		EB227DF41D89785A00FC8D66 /* Products */ = {
			isa = PBXGroup;
			children = (
				EB227DF31D89785A00FC8D66 /* MapAssignment.app */,
			);
			name = Products;
			sourceTree = "<group>";
		};
		EB227DF51D89785A00FC8D66 /* MapAssignment */ = {
			isa = PBXGroup;
			children = (
				EB227DF61D89785A00FC8D66 /* AppDelegate.swift */,
				EB227DF81D89785A00FC8D66 /* ViewController.swift */,
				EB227DFA1D89785A00FC8D66 /* Main.storyboard */,
				EB227DFD1D89785A00FC8D66 /* Assets.xcassets */,
				EBFA951E1D8A8C0000255261 /* FriendAnnotation.swift */,
				EB227DFF1D89785A00FC8D66 /* LaunchScreen.storyboard */,
				EB227E021D89785A00FC8D66 /* Info.plist */,
			);
			path = MapAssignment;
			sourceTree = "<group>";
		};
/* End PBXGroup section */

/* Begin PBXNativeTarget section */
		EB227DF21D89785A00FC8D66 /* MapAssignment */ = {
			isa = PBXNativeTarget;
			buildConfigurationList = EB227E051D89785A00FC8D66 /* Build configuration list for PBXNativeTarget "MapAssignment" */;
			buildPhases = (
				EB227DEF1D89785A00FC8D66 /* Sources */,
				EB227DF01D89785A00FC8D66 /* Frameworks */,
				EB227DF11D89785A00FC8D66 /* Resources */,
			);
			buildRules = (
			);
			dependencies = (
			);
			name = MapAssignment;
			productName = MapAssignment;
			productReference = EB227DF31D89785A00FC8D66 /* MapAssignment.app */;
			productType = "com.apple.product-type.application";
		};
/* End PBXNativeTarget section */

/* Begin PBXProject section */
		EB227DEB1D89785A00FC8D66 /* Project object */ = {
			isa = PBXProject;
			attributes = {
				LastSwiftUpdateCheck = 0730;
				LastUpgradeCheck = 0730;
				ORGANIZATIONNAME = "Alex Liang";
				TargetAttributes = {
					EB227DF21D89785A00FC8D66 = {
						CreatedOnToolsVersion = 7.3.1;
						DevelopmentTeam = V6A739ZMN5;
						SystemCapabilities = {
							com.apple.Maps.iOS = {
								enabled = 1;
							};
						};
					};
				};
			};
			buildConfigurationList = EB227DEE1D89785A00FC8D66 /* Build configuration list for PBXProject "MapAssignment" */;
			compatibilityVersion = "Xcode 3.2";
			developmentRegion = English;
			hasScannedForEncodings = 0;
			knownRegions = (
				en,
				Base,
			);
			mainGroup = EB227DEA1D89785A00FC8D66;
			productRefGroup = EB227DF41D89785A00FC8D66 /* Products */;
			projectDirPath = "";
			projectRoot = "";
			targets = (
				EB227DF21D89785A00FC8D66 /* MapAssignment */,
			);
		};
/* End PBXProject section */

/* Begin PBXResourcesBuildPhase section */
		EB227DF11D89785A00FC8D66 /* Resources */ = {
			isa = PBXResourcesBuildPhase;
			buildActionMask = 2147483647;
			files = (
				EB227E011D89785A00FC8D66 /* LaunchScreen.storyboard in Resources */,
				EB227DFE1D89785A00FC8D66 /* Assets.xcassets in Resources */,
				EB227DFC1D89785A00FC8D66 /* Main.storyboard in Resources */,
			);
			runOnlyForDeploymentPostprocessing = 0;
		};
/* End PBXResourcesBuildPhase section */

/* Begin PBXSourcesBuildPhase section */
		EB227DEF1D89785A00FC8D66 /* Sources */ = {
			isa = PBXSourcesBuildPhase;
			buildActionMask = 2147483647;
			files = (
				EB227DF91D89785A00FC8D66 /* ViewController.swift in Sources */,
				EB227DF71D89785A00FC8D66 /* AppDelegate.swift in Sources */,
				EBFA951F1D8A8C0000255261 /* FriendAnnotation.swift in Sources */,
			);
			runOnlyForDeploymentPostprocessing = 0;
		};
/* End PBXSourcesBuildPhase section */

/* Begin PBXVariantGroup section */
		EB227DFA1D89785A00FC8D66 /* Main.storyboard */ = {
			isa = PBXVariantGroup;
			children = (
				EB227DFB1D89785A00FC8D66 /* Base */,
			);
			name = Main.storyboard;
			sourceTree = "<group>";
		};
		EB227DFF1D89785A00FC8D66 /* LaunchScreen.storyboard */ = {
			isa = PBXVariantGroup;
			children = (
				EB227E001D89785A00FC8D66 /* Base */,
			);
			name = LaunchScreen.storyboard;
			sourceTree = "<group>";
		};
/* End PBXVariantGroup section */

/* Begin XCBuildConfiguration section */
		EB227E031D89785A00FC8D66 /* Debug */ = {
			isa = XCBuildConfiguration;
			buildSettings = {
				ALWAYS_SEARCH_USER_PATHS = NO;
				CLANG_ANALYZER_NONNULL = YES;
				CLANG_CXX_LANGUAGE_STANDARD = "gnu++0x";
				CLANG_CXX_LIBRARY = "libc++";
				CLANG_ENABLE_MODULES = YES;
				CLANG_ENABLE_OBJC_ARC = YES;
				CLANG_WARN_BOOL_CONVERSION = YES;
				CLANG_WARN_CONSTANT_CONVERSION = YES;
				CLANG_WARN_DIRECT_OBJC_ISA_USAGE = YES_ERROR;
				CLANG_WARN_EMPTY_BODY = YES;
				CLANG_WARN_ENUM_CONVERSION = YES;
				CLANG_WARN_INT_CONVERSION = YES;
				CLANG_WARN_OBJC_ROOT_CLASS = YES_ERROR;
				CLANG_WARN_UNREACHABLE_CODE = YES;
				CLANG_WARN__DUPLICATE_METHOD_MATCH = YES;
				"CODE_SIGN_IDENTITY[sdk=iphoneos*]" = "iPhone Developer";
				COPY_PHASE_STRIP = NO;
				DEBUG_INFORMATION_FORMAT = dwarf;
				ENABLE_STRICT_OBJC_MSGSEND = YES;
				ENABLE_TESTABILITY = YES;
				GCC_C_LANGUAGE_STANDARD = gnu99;
				GCC_DYNAMIC_NO_PIC = NO;
				GCC_NO_COMMON_BLOCKS = YES;
				GCC_OPTIMIZATION_LEVEL = 0;
				GCC_PREPROCESSOR_DEFINITIONS = (
					"DEBUG=1",
					"$(inherited)",
				);
				GCC_WARN_64_TO_32_BIT_CONVERSION = YES;
				GCC_WARN_ABOUT_RETURN_TYPE = YES_ERROR;
				GCC_WARN_UNDECLARED_SELECTOR = YES;
				GCC_WARN_UNINITIALIZED_AUTOS = YES_AGGRESSIVE;
				GCC_WARN_UNUSED_FUNCTION = YES;
				GCC_WARN_UNUSED_VARIABLE = YES;
				IPHONEOS_DEPLOYMENT_TARGET = 9.3;
				MTL_ENABLE_DEBUG_INFO = YES;
				ONLY_ACTIVE_ARCH = YES;
				SDKROOT = iphoneos;
				SWIFT_OPTIMIZATION_LEVEL = "-Onone";
			};
			name = Debug;
		};
		EB227E041D89785A00FC8D66 /* Release */ = {
			isa = XCBuildConfiguration;
			buildSettings = {
				ALWAYS_SEARCH_USER_PATHS = NO;
				CLANG_ANALYZER_NONNULL = YES;
				CLANG_CXX_LANGUAGE_STANDARD = "gnu++0x";
				CLANG_CXX_LIBRARY = "libc++";
				CLANG_ENABLE_MODULES = YES;
				CLANG_ENABLE_OBJC_ARC = YES;
				CLANG_WARN_BOOL_CONVERSION = YES;
				CLANG_WARN_CONSTANT_CONVERSION = YES;
				CLANG_WARN_DIRECT_OBJC_ISA_USAGE = YES_ERROR;
				CLANG_WARN_EMPTY_BODY = YES;
				CLANG_WARN_ENUM_CONVERSION = YES;
				CLANG_WARN_INT_CONVERSION = YES;
				CLANG_WARN_OBJC_ROOT_CLASS = YES_ERROR;
				CLANG_WARN_UNREACHABLE_CODE = YES;
				CLANG_WARN__DUPLICATE_METHOD_MATCH = YES;
				"CODE_SIGN_IDENTITY[sdk=iphoneos*]" = "iPhone Developer";
				COPY_PHASE_STRIP = NO;
				DEBUG_INFORMATION_FORMAT = "dwarf-with-dsym";
				ENABLE_NS_ASSERTIONS = NO;
				ENABLE_STRICT_OBJC_MSGSEND = YES;
				GCC_C_LANGUAGE_STANDARD = gnu99;
				GCC_NO_COMMON_BLOCKS = YES;
				GCC_WARN_64_TO_32_BIT_CONVERSION = YES;
				GCC_WARN_ABOUT_RETURN_TYPE = YES_ERROR;
				GCC_WARN_UNDECLARED_SELECTOR = YES;
				GCC_WARN_UNINITIALIZED_AUTOS = YES_AGGRESSIVE;
				GCC_WARN_UNUSED_FUNCTION = YES;
				GCC_WARN_UNUSED_VARIABLE = YES;
				IPHONEOS_DEPLOYMENT_TARGET = 9.3;
				MTL_ENABLE_DEBUG_INFO = NO;
				SDKROOT = iphoneos;
				VALIDATE_PRODUCT = YES;
			};
			name = Release;
		};
		EB227E061D89785A00FC8D66 /* Debug */ = {
			isa = XCBuildConfiguration;
			buildSettings = {
				ASSETCATALOG_COMPILER_APPICON_NAME = AppIcon;
				INFOPLIST_FILE = MapAssignment/Info.plist;
				LD_RUNPATH_SEARCH_PATHS = "$(inherited) @executable_path/Frameworks";
				PRODUCT_BUNDLE_IDENTIFIER = com.alexliang.MapAssignment;
				PRODUCT_NAME = "$(TARGET_NAME)";
			};
			name = Debug;
		};
		EB227E071D89785A00FC8D66 /* Release */ = {
			isa = XCBuildConfiguration;
			buildSettings = {
				ASSETCATALOG_COMPILER_APPICON_NAME = AppIcon;
				INFOPLIST_FILE = MapAssignment/Info.plist;
				LD_RUNPATH_SEARCH_PATHS = "$(inherited) @executable_path/Frameworks";
				PRODUCT_BUNDLE_IDENTIFIER = com.alexliang.MapAssignment;
				PRODUCT_NAME = "$(TARGET_NAME)";
			};
			name = Release;
		};
/* End XCBuildConfiguration section */

/* Begin XCConfigurationList section */
		EB227DEE1D89785A00FC8D66 /* Build configuration list for PBXProject "MapAssignment" */ = {
			isa = XCConfigurationList;
			buildConfigurations = (
				EB227E031D89785A00FC8D66 /* Debug */,
				EB227E041D89785A00FC8D66 /* Release */,
			);
			defaultConfigurationIsVisible = 0;
			defaultConfigurationName = Release;
		};
		EB227E051D89785A00FC8D66 /* Build configuration list for PBXNativeTarget "MapAssignment" */ = {
			isa = XCConfigurationList;
			buildConfigurations = (
				EB227E061D89785A00FC8D66 /* Debug */,
				EB227E071D89785A00FC8D66 /* Release */,
			);
			defaultConfigurationIsVisible = 0;
			defaultConfigurationName = Release;
		};
/* End XCConfigurationList section */
	};
	rootObject = EB227DEB1D89785A00FC8D66 /* Project object */;
}
